
Microsoft Visual Studio Solution File, Format Version 12.00
# Visual Studio Version 17
VisualStudioVersion = 17.2.32616.157
MinimumVisualStudioVersion = 10.0.40219.1
Project("{9A19103F-16F7-4668-BE54-9A1E7A4F7556}") = "BusinessObject", "BusinessObject\BusinessObject.csproj", "{4FCFE806-6158-4EA6-ACCD-265FBD69A3C8}"
EndProject
Project("{9A19103F-16F7-4668-BE54-9A1E7A4F7556}") = "DataAccess", "DataAccess\DataAccess.csproj", "{C566BB41-BB23-484A-B96D-5085405343EB}"
EndProject
Project("{9A19103F-16F7-4668-BE54-9A1E7A4F7556}") = "eStoreAPI", "eStoreAPI\eStoreAPI.csproj", "{73665981-8652-4D8F-82E5-94A38FC8994B}"
EndProject
Project("{FAE04EC0-301F-11D3-BF4B-00C04F79EFBC}") = "eStore", "eStore\eStore.csproj", "{05BA9B6A-FB2F-4869-9ED5-759423FC864D}"
EndProject
Project("{FAE04EC0-301F-11D3-BF4B-00C04F79EFBC}") = "WebApplication1", "WebApplication1\WebApplication1.csproj", "{C455FD32-CDF1-4F80-B091-85CD93BFF363}"
EndProject
Global
	GlobalSection(SolutionConfigurationPlatforms) = preSolution
		Debug|Any CPU = Debug|Any CPU
		Release|Any CPU = Release|Any CPU
	EndGlobalSection
	GlobalSection(ProjectConfigurationPlatforms) = postSolution
		{4FCFE806-6158-4EA6-ACCD-265FBD69A3C8}.Debug|Any CPU.ActiveCfg = Debug|Any CPU
		{4FCFE806-6158-4EA6-ACCD-265FBD69A3C8}.Debug|Any CPU.Build.0 = Debug|Any CPU
		{4FCFE806-6158-4EA6-ACCD-265FBD69A3C8}.Release|Any CPU.ActiveCfg = Release|Any CPU
		{4FCFE806-6158-4EA6-ACCD-265FBD69A3C8}.Release|Any CPU.Build.0 = Release|Any CPU
		{C566BB41-BB23-484A-B96D-5085405343EB}.Debug|Any CPU.ActiveCfg = Debug|Any CPU
		{C566BB41-BB23-484A-B96D-5085405343EB}.Debug|Any CPU.Build.0 = Debug|Any CPU
		{C566BB41-BB23-484A-B96D-5085405343EB}.Release|Any CPU.ActiveCfg = Release|Any CPU
		{C566BB41-BB23-484A-B96D-5085405343EB}.Release|Any CPU.Build.0 = Release|Any CPU
		{73665981-8652-4D8F-82E5-94A38FC8994B}.Debug|Any CPU.ActiveCfg = Debug|Any CPU
		{73665981-8652-4D8F-82E5-94A38FC8994B}.Debug|Any CPU.Build.0 = Debug|Any CPU
		{73665981-8652-4D8F-82E5-94A38FC8994B}.Release|Any CPU.ActiveCfg = Release|Any CPU
		{73665981-8652-4D8F-82E5-94A38FC8994B}.Release|Any CPU.Build.0 = Release|Any CPU
		{05BA9B6A-FB2F-4869-9ED5-759423FC864D}.Debug|Any CPU.ActiveCfg = Debug|Any CPU
		{05BA9B6A-FB2F-4869-9ED5-759423FC864D}.Debug|Any CPU.Build.0 = Debug|Any CPU
		{05BA9B6A-FB2F-4869-9ED5-759423FC864D}.Release|Any CPU.ActiveCfg = Release|Any CPU
		{05BA9B6A-FB2F-4869-9ED5-759423FC864D}.Release|Any CPU.Build.0 = Release|Any CPU
		{C455FD32-CDF1-4F80-B091-85CD93BFF363}.Debug|Any CPU.ActiveCfg = Debug|Any CPU
		{C455FD32-CDF1-4F80-B091-85CD93BFF363}.Debug|Any CPU.Build.0 = Debug|Any CPU
		{C455FD32-CDF1-4F80-B091-85CD93BFF363}.Release|Any CPU.ActiveCfg = Release|Any CPU
		{C455FD32-CDF1-4F80-B091-85CD93BFF363}.Release|Any CPU.Build.0 = Release|Any CPU
	EndGlobalSection
	GlobalSection(SolutionProperties) = preSolution
		HideSolutionNode = FALSE
	EndGlobalSection
	GlobalSection(ExtensibilityGlobals) = postSolution
		SolutionGuid = {DB754EF3-0067-4046-B2F2-73209C764FAC}
	EndGlobalSection
EndGlobal
